
Microsoft Visual Studio Solution File, Format Version 12.00
# Visual Studio Version 16
VisualStudioVersion = 16.0.29728.190
MinimumVisualStudioVersion = 10.0.40219.1
Project("{FAE04EC0-301F-11D3-BF4B-00C04F79EFBC}") = "Naos.SqlServer.Domain", "Naos.SqlServer.Domain\Naos.SqlServer.Domain.csproj", "{3A1EC28E-F9DB-438E-8811-43B2E66300B9}"
EndProject
Project("{FAE04EC0-301F-11D3-BF4B-00C04F79EFBC}") = "Naos.SqlServer.Domain.Test", "Naos.SqlServer.Domain.Test\Naos.SqlServer.Domain.Test.csproj", "{CE7AEF7B-A870-452A-BFDB-F8FCD45B1A7F}"
EndProject
Project("{FAE04EC0-301F-11D3-BF4B-00C04F79EFBC}") = "Naos.SqlServer.Serialization.Bson", "Naos.SqlServer.Serialization.Bson\Naos.SqlServer.Serialization.Bson.csproj", "{FD210733-C635-4D95-B5A6-E9AE012B0FB7}"
EndProject
Project("{FAE04EC0-301F-11D3-BF4B-00C04F79EFBC}") = "Naos.SqlServer.Serialization.Json", "Naos.SqlServer.Serialization.Json\Naos.SqlServer.Serialization.Json.csproj", "{D764F723-3EB3-4411-A154-C6547349A7A3}"
EndProject
Project("{2150E333-8FDC-42A3-9474-1A3956D46DE8}") = "Solution Items", "Solution Items", "{5913F0A7-1B6B-43B4-859C-46A739DE43E7}"
	ProjectSection(SolutionItems) = preProject
		.gitignore = .gitignore
		LICENSE = LICENSE
		Naos.SqlServer.sln.DotSettings = Naos.SqlServer.sln.DotSettings
		README.md = README.md
		RepoConfig.state = RepoConfig.state
	EndProjectSection
EndProject
Project("{FAE04EC0-301F-11D3-BF4B-00C04F79EFBC}") = "Naos.SqlServer.Protocol.Client", "Naos.SqlServer.Protocol.Client\Naos.SqlServer.Protocol.Client.csproj", "{F42D44C9-14CB-4081-A727-116494CEB531}"
EndProject
Project("{FAE04EC0-301F-11D3-BF4B-00C04F79EFBC}") = "Naos.SqlServer.Protocol.Client.Test", "Naos.SqlServer.Protocol.Client.Test\Naos.SqlServer.Protocol.Client.Test.csproj", "{3737093A-98BD-438C-A88B-0E317E6CBC18}"
EndProject
Project("{FAE04EC0-301F-11D3-BF4B-00C04F79EFBC}") = "Naos.SqlServer.Protocol.Management", "Naos.SqlServer.Protocol.Management\Naos.SqlServer.Protocol.Management.csproj", "{863931C6-799C-4377-AEF7-FEF264EA5E20}"
EndProject
Project("{FAE04EC0-301F-11D3-BF4B-00C04F79EFBC}") = "Naos.SqlServer.Protocol.Management.Test", "Naos.SqlServer.Protocol.Management.Test\Naos.SqlServer.Protocol.Management.Test.csproj", "{79F146D1-585B-4584-BA63-98E5144AF29C}"
EndProject
Project("{FAE04EC0-301F-11D3-BF4B-00C04F79EFBC}") = "Naos.SqlServer.Protocol.Migration", "Naos.SqlServer.Protocol.Migration\Naos.SqlServer.Protocol.Migration.csproj", "{4EFEE699-3693-4895-8AAA-B3C6B99C6D91}"
EndProject
Project("{FAE04EC0-301F-11D3-BF4B-00C04F79EFBC}") = "Naos.SqlServer.Protocol.Migration.Test", "Naos.SqlServer.Protocol.Migration.Test\Naos.SqlServer.Protocol.Migration.Test.csproj", "{0DD73B5A-907F-4A24-8AD0-5A449D9A39CC}"
EndProject
Global
	GlobalSection(SolutionConfigurationPlatforms) = preSolution
		Debug|Any CPU = Debug|Any CPU
		Release|Any CPU = Release|Any CPU
	EndGlobalSection
	GlobalSection(ProjectConfigurationPlatforms) = postSolution
		{3A1EC28E-F9DB-438E-8811-43B2E66300B9}.Debug|Any CPU.ActiveCfg = Debug|Any CPU
		{3A1EC28E-F9DB-438E-8811-43B2E66300B9}.Debug|Any CPU.Build.0 = Debug|Any CPU
		{3A1EC28E-F9DB-438E-8811-43B2E66300B9}.Release|Any CPU.ActiveCfg = Release|Any CPU
		{3A1EC28E-F9DB-438E-8811-43B2E66300B9}.Release|Any CPU.Build.0 = Release|Any CPU
		{CE7AEF7B-A870-452A-BFDB-F8FCD45B1A7F}.Debug|Any CPU.ActiveCfg = Debug|Any CPU
		{CE7AEF7B-A870-452A-BFDB-F8FCD45B1A7F}.Debug|Any CPU.Build.0 = Debug|Any CPU
		{CE7AEF7B-A870-452A-BFDB-F8FCD45B1A7F}.Release|Any CPU.ActiveCfg = Release|Any CPU
		{CE7AEF7B-A870-452A-BFDB-F8FCD45B1A7F}.Release|Any CPU.Build.0 = Release|Any CPU
		{FD210733-C635-4D95-B5A6-E9AE012B0FB7}.Debug|Any CPU.ActiveCfg = Debug|Any CPU
		{FD210733-C635-4D95-B5A6-E9AE012B0FB7}.Debug|Any CPU.Build.0 = Debug|Any CPU
		{FD210733-C635-4D95-B5A6-E9AE012B0FB7}.Release|Any CPU.ActiveCfg = Release|Any CPU
		{FD210733-C635-4D95-B5A6-E9AE012B0FB7}.Release|Any CPU.Build.0 = Release|Any CPU
		{D764F723-3EB3-4411-A154-C6547349A7A3}.Debug|Any CPU.ActiveCfg = Debug|Any CPU
		{D764F723-3EB3-4411-A154-C6547349A7A3}.Debug|Any CPU.Build.0 = Debug|Any CPU
		{D764F723-3EB3-4411-A154-C6547349A7A3}.Release|Any CPU.ActiveCfg = Release|Any CPU
		{D764F723-3EB3-4411-A154-C6547349A7A3}.Release|Any CPU.Build.0 = Release|Any CPU
		{F42D44C9-14CB-4081-A727-116494CEB531}.Debug|Any CPU.ActiveCfg = Debug|Any CPU
		{F42D44C9-14CB-4081-A727-116494CEB531}.Debug|Any CPU.Build.0 = Debug|Any CPU
		{F42D44C9-14CB-4081-A727-116494CEB531}.Release|Any CPU.ActiveCfg = Release|Any CPU
		{F42D44C9-14CB-4081-A727-116494CEB531}.Release|Any CPU.Build.0 = Release|Any CPU
		{3737093A-98BD-438C-A88B-0E317E6CBC18}.Debug|Any CPU.ActiveCfg = Debug|Any CPU
		{3737093A-98BD-438C-A88B-0E317E6CBC18}.Debug|Any CPU.Build.0 = Debug|Any CPU
		{3737093A-98BD-438C-A88B-0E317E6CBC18}.Release|Any CPU.ActiveCfg = Release|Any CPU
		{3737093A-98BD-438C-A88B-0E317E6CBC18}.Release|Any CPU.Build.0 = Release|Any CPU
		{863931C6-799C-4377-AEF7-FEF264EA5E20}.Debug|Any CPU.ActiveCfg = Debug|Any CPU
		{863931C6-799C-4377-AEF7-FEF264EA5E20}.Debug|Any CPU.Build.0 = Debug|Any CPU
		{863931C6-799C-4377-AEF7-FEF264EA5E20}.Release|Any CPU.ActiveCfg = Release|Any CPU
		{863931C6-799C-4377-AEF7-FEF264EA5E20}.Release|Any CPU.Build.0 = Release|Any CPU
		{79F146D1-585B-4584-BA63-98E5144AF29C}.Debug|Any CPU.ActiveCfg = Debug|Any CPU
		{79F146D1-585B-4584-BA63-98E5144AF29C}.Debug|Any CPU.Build.0 = Debug|Any CPU
		{79F146D1-585B-4584-BA63-98E5144AF29C}.Release|Any CPU.ActiveCfg = Release|Any CPU
		{79F146D1-585B-4584-BA63-98E5144AF29C}.Release|Any CPU.Build.0 = Release|Any CPU
		{4EFEE699-3693-4895-8AAA-B3C6B99C6D91}.Debug|Any CPU.ActiveCfg = Debug|Any CPU
		{4EFEE699-3693-4895-8AAA-B3C6B99C6D91}.Debug|Any CPU.Build.0 = Debug|Any CPU
		{4EFEE699-3693-4895-8AAA-B3C6B99C6D91}.Release|Any CPU.ActiveCfg = Release|Any CPU
		{4EFEE699-3693-4895-8AAA-B3C6B99C6D91}.Release|Any CPU.Build.0 = Release|Any CPU
		{0DD73B5A-907F-4A24-8AD0-5A449D9A39CC}.Debug|Any CPU.ActiveCfg = Debug|Any CPU
		{0DD73B5A-907F-4A24-8AD0-5A449D9A39CC}.Debug|Any CPU.Build.0 = Debug|Any CPU
		{0DD73B5A-907F-4A24-8AD0-5A449D9A39CC}.Release|Any CPU.ActiveCfg = Release|Any CPU
		{0DD73B5A-907F-4A24-8AD0-5A449D9A39CC}.Release|Any CPU.Build.0 = Release|Any CPU
	EndGlobalSection
	GlobalSection(SolutionProperties) = preSolution
		HideSolutionNode = FALSE
	EndGlobalSection
	GlobalSection(ExtensibilityGlobals) = postSolution
		SolutionGuid = {58E282A4-111E-4488-9B08-B366261F4BF4}
	EndGlobalSection
EndGlobal
